github.com/Azure/go-ansiterm v0.0.0-20170929234023-d6e3b3328b78/go.mod h1:LmzpDX56iTiv29bbRTIsUNlaFfuhWRQBWjQdVyAevI8=
github.com/JumboInteractiveLimited/jsonpath v0.0.0-20180321012328-6fcdcc9066b5 h1:Asak+JRdahM+XlhffmLrIR6wWcK27cOpjGF+p9ZjtEg=
github.com/JumboInteractiveLimited/jsonpath v0.0.0-20180321012328-6fcdcc9066b5/go.mod h1:N8q4xp4huIu1v/T0shrb+g3kR91brTr7FSgayRJ6Kkg=
github.com/Microsoft/go-winio v0.4.7/go.mod h1:VhR8bwka0BXejwEJY73c50VrPtXAaKcyvVC4A4RozmA=
github.com/Nvveen/Gotty v0.0.0-20120604004816-cd527374f1e5/go.mod h1:lmUJ/7eu/Q8D7ML55dXQrVaamCz2vxCfdQBasLZfHKk=
github.com/SmartEnergyPlatform/amqp-wrapper-lib v0.0.0-20181018071408-32e07d9d89bb h1:wkigEsq8SRUzIbsA5gAWhZ7a1CECn1vnhpElcoA6evE=
github.com/SmartEnergyPlatform/amqp-wrapper-lib v0.0.0-20181018071408-32e07d9d89bb/go.mod h1:X1U6gbRInWfBsFKgb/owoLNZp2NSx6vLnUPbw6bjEN4=
github.com/SmartEnergyPlatform/jwt-http-router v0.0.0-20181018071703-2fca7308e21f h1:PaAqaTlimX7SG6jFeQRyVbWBCxSfh0tOHjQ78YGDkXg=
github.com/SmartEnergyPlatform/jwt-http-router v0.0.0-20181018071703-2fca7308e21f/go.mod h1:EJR6/QRwaUKPdlXd++sqyoBsc80Ety6Yew1epvbGFs4=
github.com/SmartEnergyPlatform/util v0.0.0-20181018070938-b26ca656886c h1:W4cI5yY8t8yL2eby9p27KmVgUzJ8x/nOJVFcchA0srs=
github.com/SmartEnergyPlatform/util v0.0.0-20181018070938-b26ca656886c/go.mod h1:SQukrczVRI7mSlfxYiIjtKjuIpNc7GPXhZISX0iLa3M=
github.com/bouk/monkey v1.0.0/go.mod h1:PG/63f4XEUlVyW1ttIeOJmJhhe1+t9EC/je3eTjvFhE=
github.com/cenkalti/backoff v2.0.0+incompatible/go.mod h1:90ReRw6GdpyfrHakVjL/QHaoyV4aDUVVkXQJJJ3NXXM=
github.com/containerd/continuity v0.0.0-20180612233548-246e49050efd/go.mod h1:GL3xCUCBDV3CZiTSEKksMWbLE66hEyuu9qyDOOqM47Y=
github.com/dgrijalva/jwt-go v3.2.0+incompatible h1:7qlOGliEKZXTDg6OTjfoBKDXWrumCAMpl/TFQ4/5kLM=
github.com/dgrijalva/jwt-go v3.2.0+incompatible/go.mod h1:E3ru+11k8xSBh+hMPgOLZmtrrCbhqsmaPHjLKYnJCaQ=
github.com/docker/go-connections v0.3.0/go.mod h1:Gbd7IOopHjR8Iph03tsViu4nIes5XhDvyHbTtUxmeec=
github.com/docker/go-units v0.3.3/go.mod h1:fgPhTUdO+D/Jk86RDLlptpiXQzgHJF7gydDDbaIK4Dk=
github.com/mailru/easyjson v0.0.0-20180531095741-9825584555aa h1:RvQbNvr+lt1fHS2YJZzD+xcskGv64sHcjV8ZbsdOMoM=
github.com/mailru/easyjson v0.0.0-20180531095741-9825584555aa/go.mod h1:C1wdFJiN94OJF2b5HbByQZoLdCWB1Yqtg26g4irojpc=
github.com/olivere/elastic v6.1.23+incompatible h1:EoSdWm5kG4V5viIsmB3Drb81rF3HejuivggQPlpC4g8=
github.com/olivere/elastic v6.1.23+incompatible/go.mod h1:J+q1zQJTgAz9woqsbVRqGeB5G1iqDKVBWLNSYW8yfJ8=
github.com/opencontainers/go-digest v1.0.0-rc1/go.mod h1:cMLVZDEM3+U2I4VmLI6N8jQYUd2OVphdqWwCJHrFt2s=
github.com/opencontainers/image-spec v1.0.1/go.mod h1:BtxoFyWECRxE4U/7sNtV5W15zMzWCbyJoFRP3s7yZA0=
github.com/opencontainers/runc v0.1.1/go.mod h1:qT5XzbpPznkRYVz/mWwUaVBUv2rmF59PVA73FjuZG0U=
github.com/ory/dockertest v3.3.1+incompatible/go.mod h1:1vX4m9wsvi00u5bseYwXaSnhNrne+V0E6LAcBILJdPs=
github.com/pkg/errors v0.8.0 h1:WdK/asTD0HN+q6hsWO3/vpuAkAr+tw6aNJNDFFf0+qw=
github.com/pkg/errors v0.8.0/go.mod h1:bwawxfHBFNV+L2hUp1rHADufV3IMtnDRdf1r5NINEl0=
github.com/satori/go.uuid v1.2.0 h1:0uYX9dsZ2yD7q2RtLRtPSdGDWzjeM3TbMJP9utgA0ww=
github.com/satori/go.uuid v1.2.0/go.mod h1:dA0hQrYB0VpLJoorglMZABFdXlWrHn1NEOzdhQKdks0=
github.com/sirupsen/logrus v1.0.5/go.mod h1:pMByvHTf9Beacp5x1UXfOR9xyW/9antXMhjMPG0dEzc=
github.com/streadway/amqp v0.0.0-20180528204448-e5adc2ada8b8 h1:l6epF6yBwuejBfhGkM5m8VSNM/QAm7ApGyH35ehA7eQ=
github.com/streadway/amqp v0.0.0-20180528204448-e5adc2ada8b8/go.mod h1:1WNBiOZtZQLpVAyu0iTduoJL9hEsMloAK5XWrtW0xdY=
golang.org/x/crypto v0.0.0-20180617042118-027cca12c2d6/go.mod h1:6SG95UA2DQfeDnfUPMdvaQW0Q7yPrPDi9nlGo2tz2b4=
golang.org/x/net v0.0.0-20180611182652-db08ff08e862/go.mod h1:mL1N/T3taQHkDXs73rZJwtUhF3w3ftmwwsq0BUmARs4=
golang.org/x/sys v0.0.0-20180616030259-6c888cc515d3/go.mod h1:STP8DvDyc/dI5b8T5hshtkjS+E42TnysNCUPdjciGhY=
